
Microsoft Visual Studio Solution File, Format Version 12.00
# Visual Studio Version 17
VisualStudioVersion = 17.2.32526.322
MinimumVisualStudioVersion = 10.0.40219.1
Project("{FAE04EC0-301F-11D3-BF4B-00C04F79EFBC}") = "AutomatedShopping", "AutomatedShopping\AutomatedShopping.csproj", "{00E7BC1A-5AC4-4D73-8FA2-C5BA17921140}"
EndProject
Project("{FAE04EC0-301F-11D3-BF4B-00C04F79EFBC}") = "ElfShopper", "ElfShopper\ElfShopper.csproj", "{672D7146-9D08-4B57-BEA4-155187751076}"
EndProject
Global
	GlobalSection(SolutionConfigurationPlatforms) = preSolution
		Debug|Any CPU = Debug|Any CPU
		Release|Any CPU = Release|Any CPU
	EndGlobalSection
	GlobalSection(ProjectConfigurationPlatforms) = postSolution
		{00E7BC1A-5AC4-4D73-8FA2-C5BA17921140}.Debug|Any CPU.ActiveCfg = Debug|Any CPU
		{00E7BC1A-5AC4-4D73-8FA2-C5BA17921140}.Debug|Any CPU.Build.0 = Debug|Any CPU
		{00E7BC1A-5AC4-4D73-8FA2-C5BA17921140}.Release|Any CPU.ActiveCfg = Release|Any CPU
		{00E7BC1A-5AC4-4D73-8FA2-C5BA17921140}.Release|Any CPU.Build.0 = Release|Any CPU
		{672D7146-9D08-4B57-BEA4-155187751076}.Debug|Any CPU.ActiveCfg = Debug|Any CPU
		{672D7146-9D08-4B57-BEA4-155187751076}.Debug|Any CPU.Build.0 = Debug|Any CPU
		{672D7146-9D08-4B57-BEA4-155187751076}.Release|Any CPU.ActiveCfg = Release|Any CPU
		{672D7146-9D08-4B57-BEA4-155187751076}.Release|Any CPU.Build.0 = Release|Any CPU
	EndGlobalSection
	GlobalSection(SolutionProperties) = preSolution
		HideSolutionNode = FALSE
	EndGlobalSection
	GlobalSection(ExtensibilityGlobals) = postSolution
		SolutionGuid = {2FE6A571-B942-4950-B08B-E369BD613726}
	EndGlobalSection
EndGlobal
